{
  "name": "do-dad",
  "version": "0.1.0",
  "lockfileVersion": 1,
  "requires": true,
  "dependencies": {
    "squishjs": {
      "version": "0.7.66",
      "resolved": "https://registry.npmjs.org/squishjs/-/squishjs-0.7.66.tgz",
      "integrity": "sha512-JGt43+wipxONZUO7aakgf6h4nuD8MExtYI9hwrPYWgeAoF9h/dOhv35e6upMEGZsSyED5nKcTogisViQfEGzXg=="
    }
  }
}
